
Microsoft Visual Studio Solution File, Format Version 12.00
# Visual Studio 14
VisualStudioVersion = 14.0.24720.0
MinimumVisualStudioVersion = 10.0.40219.1
Project("{FAE04EC0-301F-11D3-BF4B-00C04F79EFBC}") = "11.Interval", "Interval\11.Interval.csproj", "{D112D7BB-2A8E-4456-9057-7188DB16B45B}"
EndProject
Project("{FAE04EC0-301F-11D3-BF4B-00C04F79EFBC}") = "10.Fibonacci", "Fibonacci\10.Fibonacci.csproj", "{545E6E6E-D07F-4E4C-B213-D0305382CA01}"
EndProject
Project("{FAE04EC0-301F-11D3-BF4B-00C04F79EFBC}") = "09.SumNNumbers", "SumNNumbers\09.SumNNumbers.csproj", "{310820F0-D093-471C-AC7C-BE780C43D9D0}"
EndProject
Project("{FAE04EC0-301F-11D3-BF4B-00C04F79EFBC}") = "08.NumbersToN", "NumbersToN\08.NumbersToN.csproj", "{8BD0D7BF-AE13-48A4-91E3-F71ED9291FEA}"
EndProject
Project("{FAE04EC0-301F-11D3-BF4B-00C04F79EFBC}") = "07.SumFiveNumbers", "SumFiveNumbers\07.SumFiveNumbers.csproj", "{80DB2837-CB70-414C-909C-9A4F2ABE6399}"
EndProject
Project("{FAE04EC0-301F-11D3-BF4B-00C04F79EFBC}") = "05.NumbersComparer", "NumbersComparer\05.NumbersComparer.csproj", "{E183A769-D06D-49A7-9C6A-5143D3586308}"
EndProject
Project("{FAE04EC0-301F-11D3-BF4B-00C04F79EFBC}") = "04.FormattingNumbers", "FormattingNumbers\04.FormattingNumbers.csproj", "{1173C003-553D-4351-B4EF-BD7375886523}"
EndProject
Project("{FAE04EC0-301F-11D3-BF4B-00C04F79EFBC}") = "03.Circle", "Circle\03.Circle.csproj", "{3F1DB4F1-9FCE-4BF1-900F-441261881214}"
EndProject
Project("{FAE04EC0-301F-11D3-BF4B-00C04F79EFBC}") = "01.SumThreeNumbers", "SumThreeNumbers\01.SumThreeNumbers.csproj", "{77C2A7AA-54F2-49C0-9E7A-2111AEE0AEB2}"
EndProject
Global
	GlobalSection(SolutionConfigurationPlatforms) = preSolution
		Debug|Any CPU = Debug|Any CPU
		Release|Any CPU = Release|Any CPU
	EndGlobalSection
	GlobalSection(ProjectConfigurationPlatforms) = postSolution
		{D112D7BB-2A8E-4456-9057-7188DB16B45B}.Debug|Any CPU.ActiveCfg = Debug|Any CPU
		{D112D7BB-2A8E-4456-9057-7188DB16B45B}.Debug|Any CPU.Build.0 = Debug|Any CPU
		{D112D7BB-2A8E-4456-9057-7188DB16B45B}.Release|Any CPU.ActiveCfg = Release|Any CPU
		{D112D7BB-2A8E-4456-9057-7188DB16B45B}.Release|Any CPU.Build.0 = Release|Any CPU
		{545E6E6E-D07F-4E4C-B213-D0305382CA01}.Debug|Any CPU.ActiveCfg = Debug|Any CPU
		{545E6E6E-D07F-4E4C-B213-D0305382CA01}.Debug|Any CPU.Build.0 = Debug|Any CPU
		{545E6E6E-D07F-4E4C-B213-D0305382CA01}.Release|Any CPU.ActiveCfg = Release|Any CPU
		{545E6E6E-D07F-4E4C-B213-D0305382CA01}.Release|Any CPU.Build.0 = Release|Any CPU
		{310820F0-D093-471C-AC7C-BE780C43D9D0}.Debug|Any CPU.ActiveCfg = Debug|Any CPU
		{310820F0-D093-471C-AC7C-BE780C43D9D0}.Debug|Any CPU.Build.0 = Debug|Any CPU
		{310820F0-D093-471C-AC7C-BE780C43D9D0}.Release|Any CPU.ActiveCfg = Release|Any CPU
		{310820F0-D093-471C-AC7C-BE780C43D9D0}.Release|Any CPU.Build.0 = Release|Any CPU
		{8BD0D7BF-AE13-48A4-91E3-F71ED9291FEA}.Debug|Any CPU.ActiveCfg = Debug|Any CPU
		{8BD0D7BF-AE13-48A4-91E3-F71ED9291FEA}.Debug|Any CPU.Build.0 = Debug|Any CPU
		{8BD0D7BF-AE13-48A4-91E3-F71ED9291FEA}.Release|Any CPU.ActiveCfg = Release|Any CPU
		{8BD0D7BF-AE13-48A4-91E3-F71ED9291FEA}.Release|Any CPU.Build.0 = Release|Any CPU
		{80DB2837-CB70-414C-909C-9A4F2ABE6399}.Debug|Any CPU.ActiveCfg = Debug|Any CPU
		{80DB2837-CB70-414C-909C-9A4F2ABE6399}.Debug|Any CPU.Build.0 = Debug|Any CPU
		{80DB2837-CB70-414C-909C-9A4F2ABE6399}.Release|Any CPU.ActiveCfg = Release|Any CPU
		{80DB2837-CB70-414C-909C-9A4F2ABE6399}.Release|Any CPU.Build.0 = Release|Any CPU
		{E183A769-D06D-49A7-9C6A-5143D3586308}.Debug|Any CPU.ActiveCfg = Debug|Any CPU
		{E183A769-D06D-49A7-9C6A-5143D3586308}.Debug|Any CPU.Build.0 = Debug|Any CPU
		{E183A769-D06D-49A7-9C6A-5143D3586308}.Release|Any CPU.ActiveCfg = Release|Any CPU
		{E183A769-D06D-49A7-9C6A-5143D3586308}.Release|Any CPU.Build.0 = Release|Any CPU
		{1173C003-553D-4351-B4EF-BD7375886523}.Debug|Any CPU.ActiveCfg = Debug|Any CPU
		{1173C003-553D-4351-B4EF-BD7375886523}.Debug|Any CPU.Build.0 = Debug|Any CPU
		{1173C003-553D-4351-B4EF-BD7375886523}.Release|Any CPU.ActiveCfg = Release|Any CPU
		{1173C003-553D-4351-B4EF-BD7375886523}.Release|Any CPU.Build.0 = Release|Any CPU
		{3F1DB4F1-9FCE-4BF1-900F-441261881214}.Debug|Any CPU.ActiveCfg = Debug|Any CPU
		{3F1DB4F1-9FCE-4BF1-900F-441261881214}.Debug|Any CPU.Build.0 = Debug|Any CPU
		{3F1DB4F1-9FCE-4BF1-900F-441261881214}.Release|Any CPU.ActiveCfg = Release|Any CPU
		{3F1DB4F1-9FCE-4BF1-900F-441261881214}.Release|Any CPU.Build.0 = Release|Any CPU
		{77C2A7AA-54F2-49C0-9E7A-2111AEE0AEB2}.Debug|Any CPU.ActiveCfg = Debug|Any CPU
		{77C2A7AA-54F2-49C0-9E7A-2111AEE0AEB2}.Debug|Any CPU.Build.0 = Debug|Any CPU
		{77C2A7AA-54F2-49C0-9E7A-2111AEE0AEB2}.Release|Any CPU.ActiveCfg = Release|Any CPU
		{77C2A7AA-54F2-49C0-9E7A-2111AEE0AEB2}.Release|Any CPU.Build.0 = Release|Any CPU
	EndGlobalSection
	GlobalSection(SolutionProperties) = preSolution
		HideSolutionNode = FALSE
	EndGlobalSection
EndGlobal
